// !$*UTF8*$!
{
	archiveVersion = 1;
	classes = {
	};
	objectVersion = 46;
	objects = {

/* Begin PBXBuildFile section */
		C33EF2B916672833001D3D0E /* LeapMIDI.cpp in Sources */ = {isa = PBXBuildFile; fileRef = C33EF2B816672833001D3D0E /* LeapMIDI.cpp */; };
		C33EF2CC16672FDE001D3D0E /* LeapMIDI.h in Headers */ = {isa = PBXBuildFile; fileRef = C33EF2B616672833001D3D0E /* LeapMIDI.h */; settings = {ATTRIBUTES = (Public, ); }; };
		C33EF31516673851001D3D0E /* OpenGL.framework in Frameworks */ = {isa = PBXBuildFile; fileRef = C33EF31416673851001D3D0E /* OpenGL.framework */; };
		C33EF319166738D3001D3D0E /* Leap.h in Headers */ = {isa = PBXBuildFile; fileRef = C33EF317166738D3001D3D0E /* Leap.h */; settings = {ATTRIBUTES = (Public, ); }; };
		C33EF31A166738D3001D3D0E /* libLeap.dylib in Frameworks */ = {isa = PBXBuildFile; fileRef = C33EF318166738D3001D3D0E /* libLeap.dylib */; };
		C33EF32616673D10001D3D0E /* main.cpp in Sources */ = {isa = PBXBuildFile; fileRef = C33EF32516673D10001D3D0E /* main.cpp */; };
		C33EF32D16673D1D001D3D0E /* leapmidi.dylib in Frameworks */ = {isa = PBXBuildFile; fileRef = C33EF2AF16672833001D3D0E /* leapmidi.dylib */; };
		C33EF33116673E13001D3D0E /* libLeap.dylib in Frameworks */ = {isa = PBXBuildFile; fileRef = C33EF318166738D3001D3D0E /* libLeap.dylib */; };
		C3F81479166AACCE0039AB7E /* MIDITool.cpp in Sources */ = {isa = PBXBuildFile; fileRef = C3F81478166AACCE0039AB7E /* MIDITool.cpp */; };
/* End PBXBuildFile section */

/* Begin PBXContainerItemProxy section */
		C33EF32E16673D21001D3D0E /* PBXContainerItemProxy */ = {
			isa = PBXContainerItemProxy;
			containerPortal = C33EF2A616672833001D3D0E /* Project object */;
			proxyType = 1;
			remoteGlobalIDString = C33EF2AE16672833001D3D0E;
			remoteInfo = leapmidi;
		};
/* End PBXContainerItemProxy section */

/* Begin PBXCopyFilesBuildPhase section */
		C33EF32016673D10001D3D0E /* CopyFiles */ = {
			isa = PBXCopyFilesBuildPhase;
			buildActionMask = 2147483647;
			dstPath = /usr/share/man/man1/;
			dstSubfolderSpec = 0;
			files = (
			);
			runOnlyForDeploymentPostprocessing = 1;
		};
/* End PBXCopyFilesBuildPhase section */

/* Begin PBXFileReference section */
		C33EF2AF16672833001D3D0E /* leapmidi.dylib */ = {isa = PBXFileReference; explicitFileType = "compiled.mach-o.dylib"; includeInIndex = 0; path = leapmidi.dylib; sourceTree = BUILT_PRODUCTS_DIR; };
		C33EF2B316672833001D3D0E /* leapmidi-Prefix.pch */ = {isa = PBXFileReference; lastKnownFileType = sourcecode.c.h; path = "leapmidi-Prefix.pch"; sourceTree = "<group>"; };
		C33EF2B416672833001D3D0E /* leapmidiProj.xcconfig */ = {isa = PBXFileReference; lastKnownFileType = text.xcconfig; path = leapmidiProj.xcconfig; sourceTree = "<group>"; };
		C33EF2B516672833001D3D0E /* leapmidiTarget.xcconfig */ = {isa = PBXFileReference; lastKnownFileType = text.xcconfig; path = leapmidiTarget.xcconfig; sourceTree = "<group>"; };
		C33EF2B616672833001D3D0E /* LeapMIDI.h */ = {isa = PBXFileReference; lastKnownFileType = sourcecode.c.h; path = LeapMIDI.h; sourceTree = "<group>"; };
		C33EF2B816672833001D3D0E /* LeapMIDI.cpp */ = {isa = PBXFileReference; lastKnownFileType = sourcecode.cpp.cpp; path = LeapMIDI.cpp; sourceTree = "<group>"; };
		C33EF31416673851001D3D0E /* OpenGL.framework */ = {isa = PBXFileReference; lastKnownFileType = wrapper.framework; name = OpenGL.framework; path = System/Library/Frameworks/OpenGL.framework; sourceTree = SDKROOT; };
		C33EF317166738D3001D3D0E /* Leap.h */ = {isa = PBXFileReference; fileEncoding = 4; lastKnownFileType = sourcecode.c.h; path = Leap.h; sourceTree = "<group>"; };
		C33EF318166738D3001D3D0E /* libLeap.dylib */ = {isa = PBXFileReference; lastKnownFileType = "compiled.mach-o.dylib"; path = libLeap.dylib; sourceTree = "<group>"; };
		C33EF32216673D10001D3D0E /* leapmidi_test */ = {isa = PBXFileReference; explicitFileType = "compiled.mach-o.executable"; includeInIndex = 0; path = leapmidi_test; sourceTree = BUILT_PRODUCTS_DIR; };
		C33EF32516673D10001D3D0E /* main.cpp */ = {isa = PBXFileReference; lastKnownFileType = sourcecode.cpp.cpp; path = main.cpp; sourceTree = "<group>"; };
		C3F81477166AAC430039AB7E /* MIDITool.h */ = {isa = PBXFileReference; lastKnownFileType = sourcecode.c.h; path = MIDITool.h; sourceTree = "<group>"; };
		C3F81478166AACCE0039AB7E /* MIDITool.cpp */ = {isa = PBXFileReference; fileEncoding = 4; lastKnownFileType = sourcecode.cpp.cpp; path = MIDITool.cpp; sourceTree = "<group>"; };
/* End PBXFileReference section */

/* Begin PBXFrameworksBuildPhase section */
		C33EF2AC16672833001D3D0E /* Frameworks */ = {
			isa = PBXFrameworksBuildPhase;
			buildActionMask = 2147483647;
			files = (
				C33EF31516673851001D3D0E /* OpenGL.framework in Frameworks */,
				C33EF31A166738D3001D3D0E /* libLeap.dylib in Frameworks */,
			);
			runOnlyForDeploymentPostprocessing = 0;
		};
		C33EF31F16673D10001D3D0E /* Frameworks */ = {
			isa = PBXFrameworksBuildPhase;
			buildActionMask = 2147483647;
			files = (
				C33EF33116673E13001D3D0E /* libLeap.dylib in Frameworks */,
				C33EF32D16673D1D001D3D0E /* leapmidi.dylib in Frameworks */,
			);
			runOnlyForDeploymentPostprocessing = 0;
		};
/* End PBXFrameworksBuildPhase section */

/* Begin PBXGroup section */
		C33EF2A416672833001D3D0E = {
			isa = PBXGroup;
			children = (
				C33EF31416673851001D3D0E /* OpenGL.framework */,
				C33EF2B116672833001D3D0E /* leapmidi */,
				C33EF32416673D10001D3D0E /* leapmidi_test */,
				C33EF2B016672833001D3D0E /* Products */,
			);
			sourceTree = "<group>";
		};
		C33EF2B016672833001D3D0E /* Products */ = {
			isa = PBXGroup;
			children = (
				C33EF2AF16672833001D3D0E /* leapmidi.dylib */,
				C33EF32216673D10001D3D0E /* leapmidi_test */,
			);
			name = Products;
			sourceTree = "<group>";
		};
		C33EF2B116672833001D3D0E /* leapmidi */ = {
			isa = PBXGroup;
			children = (
				C33EF316166738D3001D3D0E /* contrib */,
				C33EF2B416672833001D3D0E /* leapmidiProj.xcconfig */,
				C33EF2B516672833001D3D0E /* leapmidiTarget.xcconfig */,
				C33EF2B616672833001D3D0E /* LeapMIDI.h */,
				C33EF2B816672833001D3D0E /* LeapMIDI.cpp */,
				C33EF2B216672833001D3D0E /* Supporting Files */,
				C3F81477166AAC430039AB7E /* MIDITool.h */,
				C3F81478166AACCE0039AB7E /* MIDITool.cpp */,
			);
			path = leapmidi;
			sourceTree = "<group>";
		};
		C33EF2B216672833001D3D0E /* Supporting Files */ = {
			isa = PBXGroup;
			children = (
				C33EF2B316672833001D3D0E /* leapmidi-Prefix.pch */,
			);
			name = "Supporting Files";
			sourceTree = "<group>";
		};
		C33EF316166738D3001D3D0E /* contrib */ = {
			isa = PBXGroup;
			children = (
				C33EF317166738D3001D3D0E /* Leap.h */,
				C33EF318166738D3001D3D0E /* libLeap.dylib */,
			);
			path = contrib;
			sourceTree = SOURCE_ROOT;
		};
		C33EF32416673D10001D3D0E /* leapmidi_test */ = {
			isa = PBXGroup;
			children = (
				C33EF32516673D10001D3D0E /* main.cpp */,
			);
			path = leapmidi_test;
			sourceTree = "<group>";
		};
/* End PBXGroup section */

/* Begin PBXHeadersBuildPhase section */
		C33EF2AD16672833001D3D0E /* Headers */ = {
			isa = PBXHeadersBuildPhase;
			buildActionMask = 2147483647;
			files = (
				C33EF2CC16672FDE001D3D0E /* LeapMIDI.h in Headers */,
				C33EF319166738D3001D3D0E /* Leap.h in Headers */,
			);
			runOnlyForDeploymentPostprocessing = 0;
		};
/* End PBXHeadersBuildPhase section */

/* Begin PBXNativeTarget section */
		C33EF2AE16672833001D3D0E /* leapmidi */ = {
			isa = PBXNativeTarget;
			buildConfigurationList = C33EF2BC16672833001D3D0E /* Build configuration list for PBXNativeTarget "leapmidi" */;
			buildPhases = (
				C33EF2AB16672833001D3D0E /* Sources */,
				C33EF2AC16672833001D3D0E /* Frameworks */,
				C33EF2AD16672833001D3D0E /* Headers */,
			);
			buildRules = (
			);
			dependencies = (
			);
			name = leapmidi;
			productName = leapmidi;
			productReference = C33EF2AF16672833001D3D0E /* leapmidi.dylib */;
			productType = "com.apple.product-type.library.dynamic";
		};
		C33EF32116673D10001D3D0E /* leapmidi_test */ = {
			isa = PBXNativeTarget;
			buildConfigurationList = C33EF32B16673D10001D3D0E /* Build configuration list for PBXNativeTarget "leapmidi_test" */;
			buildPhases = (
				C33EF31E16673D10001D3D0E /* Sources */,
				C33EF31F16673D10001D3D0E /* Frameworks */,
				C33EF32016673D10001D3D0E /* CopyFiles */,
			);
			buildRules = (
			);
			dependencies = (
				C33EF32F16673D21001D3D0E /* PBXTargetDependency */,
			);
			name = leapmidi_test;
			productName = leapmidi_test;
			productReference = C33EF32216673D10001D3D0E /* leapmidi_test */;
			productType = "com.apple.product-type.tool";
		};
/* End PBXNativeTarget section */

/* Begin PBXProject section */
		C33EF2A616672833001D3D0E /* Project object */ = {
			isa = PBXProject;
			attributes = {
				LastUpgradeCheck = 0450;
				ORGANIZATIONNAME = int80;
			};
			buildConfigurationList = C33EF2A916672833001D3D0E /* Build configuration list for PBXProject "leapmidi" */;
			compatibilityVersion = "Xcode 3.2";
			developmentRegion = English;
			hasScannedForEncodings = 0;
			knownRegions = (
				en,
			);
			mainGroup = C33EF2A416672833001D3D0E;
			productRefGroup = C33EF2B016672833001D3D0E /* Products */;
			projectDirPath = "";
			projectRoot = "";
			targets = (
				C33EF2AE16672833001D3D0E /* leapmidi */,
				C33EF32116673D10001D3D0E /* leapmidi_test */,
			);
		};
/* End PBXProject section */

/* Begin PBXSourcesBuildPhase section */
		C33EF2AB16672833001D3D0E /* Sources */ = {
			isa = PBXSourcesBuildPhase;
			buildActionMask = 2147483647;
			files = (
				C33EF2B916672833001D3D0E /* LeapMIDI.cpp in Sources */,
				C3F81479166AACCE0039AB7E /* MIDITool.cpp in Sources */,
			);
			runOnlyForDeploymentPostprocessing = 0;
		};
		C33EF31E16673D10001D3D0E /* Sources */ = {
			isa = PBXSourcesBuildPhase;
			buildActionMask = 2147483647;
			files = (
				C33EF32616673D10001D3D0E /* main.cpp in Sources */,
			);
			runOnlyForDeploymentPostprocessing = 0;
		};
/* End PBXSourcesBuildPhase section */

/* Begin PBXTargetDependency section */
		C33EF32F16673D21001D3D0E /* PBXTargetDependency */ = {
			isa = PBXTargetDependency;
			target = C33EF2AE16672833001D3D0E /* leapmidi */;
			targetProxy = C33EF32E16673D21001D3D0E /* PBXContainerItemProxy */;
		};
/* End PBXTargetDependency section */

/* Begin XCBuildConfiguration section */
		C33EF2BA16672833001D3D0E /* Debug */ = {
			isa = XCBuildConfiguration;
			buildSettings = {
				ALWAYS_SEARCH_USER_PATHS = YES;
				ARCHS = "$(ARCHS_STANDARD_64_BIT)";
				CLANG_CXX_LANGUAGE_STANDARD = "gnu++0x";
				CLANG_CXX_LIBRARY = "libc++";
				CLANG_WARN_EMPTY_BODY = YES;
				CLANG_WARN__DUPLICATE_METHOD_MATCH = YES;
				COPY_PHASE_STRIP = NO;
				GCC_C_LANGUAGE_STANDARD = gnu99;
				GCC_DYNAMIC_NO_PIC = NO;
				GCC_ENABLE_OBJC_EXCEPTIONS = YES;
				GCC_OPTIMIZATION_LEVEL = 0;
				GCC_PREPROCESSOR_DEFINITIONS = (
					"DEBUG=1",
					"$(inherited)",
				);
				GCC_SYMBOLS_PRIVATE_EXTERN = NO;
				GCC_WARN_64_TO_32_BIT_CONVERSION = YES;
				GCC_WARN_ABOUT_RETURN_TYPE = YES;
				GCC_WARN_UNINITIALIZED_AUTOS = YES;
				GCC_WARN_UNUSED_VARIABLE = YES;
				MACOSX_DEPLOYMENT_TARGET = 10.7;
				ONLY_ACTIVE_ARCH = YES;
				SDKROOT = macosx;
			};
			name = Debug;
		};
		C33EF2BB16672833001D3D0E /* Release */ = {
			isa = XCBuildConfiguration;
			buildSettings = {
				ALWAYS_SEARCH_USER_PATHS = YES;
				ARCHS = "$(ARCHS_STANDARD_64_BIT)";
				CLANG_CXX_LANGUAGE_STANDARD = "gnu++0x";
				CLANG_CXX_LIBRARY = "libc++";
				CLANG_WARN_EMPTY_BODY = YES;
				CLANG_WARN__DUPLICATE_METHOD_MATCH = YES;
				COPY_PHASE_STRIP = YES;
				DEBUG_INFORMATION_FORMAT = "dwarf-with-dsym";
				GCC_C_LANGUAGE_STANDARD = gnu99;
				GCC_ENABLE_OBJC_EXCEPTIONS = YES;
				GCC_WARN_64_TO_32_BIT_CONVERSION = YES;
				GCC_WARN_ABOUT_RETURN_TYPE = YES;
				GCC_WARN_UNINITIALIZED_AUTOS = YES;
				GCC_WARN_UNUSED_VARIABLE = YES;
				MACOSX_DEPLOYMENT_TARGET = 10.7;
				SDKROOT = macosx;
			};
			name = Release;
		};
		C33EF2BD16672833001D3D0E /* Debug */ = {
			isa = XCBuildConfiguration;
			buildSettings = {
				LIBRARY_SEARCH_PATHS = (
					"$(inherited)",
					"\"$(SRCROOT)/contrib\"",
				);
				PRODUCT_NAME = "$(TARGET_NAME)";
			};
			name = Debug;
		};
		C33EF2BE16672833001D3D0E /* Release */ = {
			isa = XCBuildConfiguration;
			buildSettings = {
				LIBRARY_SEARCH_PATHS = (
					"$(inherited)",
					"\"$(SRCROOT)/contrib\"",
				);
				PRODUCT_NAME = "$(TARGET_NAME)";
			};
			name = Release;
		};
		C33EF32916673D10001D3D0E /* Debug */ = {
			isa = XCBuildConfiguration;
			buildSettings = {
				LIBRARY_SEARCH_PATHS = (
					"$(inherited)",
					"\"$(SRCROOT)/contrib\"",
				);
				PRODUCT_NAME = "$(TARGET_NAME)";
			};
			name = Debug;
		};
		C33EF32A16673D10001D3D0E /* Release */ = {
			isa = XCBuildConfiguration;
			buildSettings = {
				LIBRARY_SEARCH_PATHS = (
					"$(inherited)",
					"\"$(SRCROOT)/contrib\"",
				);
				PRODUCT_NAME = "$(TARGET_NAME)";
			};
			name = Release;
		};
/* End XCBuildConfiguration section */

/* Begin XCConfigurationList section */
		C33EF2A916672833001D3D0E /* Build configuration list for PBXProject "leapmidi" */ = {
			isa = XCConfigurationList;
			buildConfigurations = (
				C33EF2BA16672833001D3D0E /* Debug */,
				C33EF2BB16672833001D3D0E /* Release */,
			);
			defaultConfigurationIsVisible = 0;
			defaultConfigurationName = Release;
		};
		C33EF2BC16672833001D3D0E /* Build configuration list for PBXNativeTarget "leapmidi" */ = {
			isa = XCConfigurationList;
			buildConfigurations = (
				C33EF2BD16672833001D3D0E /* Debug */,
				C33EF2BE16672833001D3D0E /* Release */,
			);
			defaultConfigurationIsVisible = 0;
			defaultConfigurationName = Release;
		};
		C33EF32B16673D10001D3D0E /* Build configuration list for PBXNativeTarget "leapmidi_test" */ = {
			isa = XCConfigurationList;
			buildConfigurations = (
				C33EF32916673D10001D3D0E /* Debug */,
				C33EF32A16673D10001D3D0E /* Release */,
			);
			defaultConfigurationIsVisible = 0;
			defaultConfigurationName = Release;
		};
/* End XCConfigurationList section */
	};
	rootObject = C33EF2A616672833001D3D0E /* Project object */;
}
